
Microsoft Visual Studio Solution File, Format Version 12.00
# Visual Studio Version 16
VisualStudioVersion = 16.0.30611.23
MinimumVisualStudioVersion = 10.0.40219.1
Project("{9A19103F-16F7-4668-BE54-9A1E7A4F7556}") = "Lab_1_app", "Lab_1_app.csproj", "{C08161B3-BF7E-4B48-AB07-C9601E59134E}"
	ProjectSection(ProjectDependencies) = postProject
		{4BE66389-2509-47D9-9AA3-B0676DE1F20B} = {4BE66389-2509-47D9-9AA3-B0676DE1F20B}
	EndProjectSection
EndProject
Project("{9A19103F-16F7-4668-BE54-9A1E7A4F7556}") = "DetectionLibrary", "..\DetectionLibrary\DetectionLibrary.csproj", "{4BE66389-2509-47D9-9AA3-B0676DE1F20B}"
EndProject
Global
	GlobalSection(SolutionConfigurationPlatforms) = preSolution
		Debug|Any CPU = Debug|Any CPU
		Release|Any CPU = Release|Any CPU
	EndGlobalSection
	GlobalSection(ProjectConfigurationPlatforms) = postSolution
		{C08161B3-BF7E-4B48-AB07-C9601E59134E}.Debug|Any CPU.ActiveCfg = Debug|Any CPU
		{C08161B3-BF7E-4B48-AB07-C9601E59134E}.Debug|Any CPU.Build.0 = Debug|Any CPU
		{C08161B3-BF7E-4B48-AB07-C9601E59134E}.Release|Any CPU.ActiveCfg = Release|Any CPU
		{C08161B3-BF7E-4B48-AB07-C9601E59134E}.Release|Any CPU.Build.0 = Release|Any CPU
		{4BE66389-2509-47D9-9AA3-B0676DE1F20B}.Debug|Any CPU.ActiveCfg = Debug|Any CPU
		{4BE66389-2509-47D9-9AA3-B0676DE1F20B}.Debug|Any CPU.Build.0 = Debug|Any CPU
		{4BE66389-2509-47D9-9AA3-B0676DE1F20B}.Release|Any CPU.ActiveCfg = Release|Any CPU
		{4BE66389-2509-47D9-9AA3-B0676DE1F20B}.Release|Any CPU.Build.0 = Release|Any CPU
	EndGlobalSection
	GlobalSection(SolutionProperties) = preSolution
		HideSolutionNode = FALSE
	EndGlobalSection
	GlobalSection(ExtensibilityGlobals) = postSolution
		SolutionGuid = {FB9EF30F-07C8-4A10-9246-7886FD6E4972}
	EndGlobalSection
EndGlobal
